
Microsoft Visual Studio Solution File, Format Version 12.00
# Visual Studio Version 17
VisualStudioVersion = 17.0.32112.339
MinimumVisualStudioVersion = 10.0.40219.1
Project("{2150E333-8FDC-42A3-9474-1A3956D46DE8}") = "Services", "Services", "{07548B3B-DBE6-4425-8F2F-177D197BE23D}"
EndProject
Project("{2150E333-8FDC-42A3-9474-1A3956D46DE8}") = "Catalog", "Catalog", "{CBA06F5B-0B94-4F67-8C2A-C4A335A919D4}"
EndProject
Project("{FAE04EC0-301F-11D3-BF4B-00C04F79EFBC}") = "Catalog.API", "Services\Catalog\Catalog.API\Catalog.API.csproj", "{D6E59355-56BE-4CF4-9E49-788F9711341E}"
EndProject
Global
	GlobalSection(SolutionConfigurationPlatforms) = preSolution
		Debug|Any CPU = Debug|Any CPU
		Release|Any CPU = Release|Any CPU
	EndGlobalSection
	GlobalSection(ProjectConfigurationPlatforms) = postSolution
		{D6E59355-56BE-4CF4-9E49-788F9711341E}.Debug|Any CPU.ActiveCfg = Debug|Any CPU
		{D6E59355-56BE-4CF4-9E49-788F9711341E}.Debug|Any CPU.Build.0 = Debug|Any CPU
		{D6E59355-56BE-4CF4-9E49-788F9711341E}.Release|Any CPU.ActiveCfg = Release|Any CPU
		{D6E59355-56BE-4CF4-9E49-788F9711341E}.Release|Any CPU.Build.0 = Release|Any CPU
	EndGlobalSection
	GlobalSection(SolutionProperties) = preSolution
		HideSolutionNode = FALSE
	EndGlobalSection
	GlobalSection(NestedProjects) = preSolution
		{CBA06F5B-0B94-4F67-8C2A-C4A335A919D4} = {07548B3B-DBE6-4425-8F2F-177D197BE23D}
		{D6E59355-56BE-4CF4-9E49-788F9711341E} = {CBA06F5B-0B94-4F67-8C2A-C4A335A919D4}
	EndGlobalSection
	GlobalSection(ExtensibilityGlobals) = postSolution
		SolutionGuid = {88BF7856-E837-4DA3-8F67-17752B1BCDD5}
	EndGlobalSection
EndGlobal
